
Microsoft Visual Studio Solution File, Format Version 12.00
# Visual Studio Version 17
VisualStudioVersion = 17.8.34525.116
MinimumVisualStudioVersion = 10.0.40219.1
Project("{9A19103F-16F7-4668-BE54-9A1E7A4F7556}") = "ApiMastery", "ApiMastery\ApiMastery.csproj", "{EFAA499D-CC9B-4135-8569-064DBE82EFE7}"
EndProject
Project("{FAE04EC0-301F-11D3-BF4B-00C04F79EFBC}") = "ClienteAPI", "ClienteAPI\ClienteAPI.csproj", "{24D2A265-1B9D-4E34-BEB9-7776C383FF55}"
EndProject
Global
	GlobalSection(SolutionConfigurationPlatforms) = preSolution
		Debug|Any CPU = Debug|Any CPU
		Release|Any CPU = Release|Any CPU
	EndGlobalSection
	GlobalSection(ProjectConfigurationPlatforms) = postSolution
		{EFAA499D-CC9B-4135-8569-064DBE82EFE7}.Debug|Any CPU.ActiveCfg = Debug|Any CPU
		{EFAA499D-CC9B-4135-8569-064DBE82EFE7}.Debug|Any CPU.Build.0 = Debug|Any CPU
		{EFAA499D-CC9B-4135-8569-064DBE82EFE7}.Release|Any CPU.ActiveCfg = Release|Any CPU
		{EFAA499D-CC9B-4135-8569-064DBE82EFE7}.Release|Any CPU.Build.0 = Release|Any CPU
		{24D2A265-1B9D-4E34-BEB9-7776C383FF55}.Debug|Any CPU.ActiveCfg = Debug|Any CPU
		{24D2A265-1B9D-4E34-BEB9-7776C383FF55}.Debug|Any CPU.Build.0 = Debug|Any CPU
		{24D2A265-1B9D-4E34-BEB9-7776C383FF55}.Release|Any CPU.ActiveCfg = Release|Any CPU
		{24D2A265-1B9D-4E34-BEB9-7776C383FF55}.Release|Any CPU.Build.0 = Release|Any CPU
	EndGlobalSection
	GlobalSection(SolutionProperties) = preSolution
		HideSolutionNode = FALSE
	EndGlobalSection
	GlobalSection(ExtensibilityGlobals) = postSolution
		SolutionGuid = {B880EBCA-9D13-4535-8E0D-3BE569E01A37}
	EndGlobalSection
EndGlobal
